
Microsoft Visual Studio Solution File, Format Version 12.00
# Visual Studio Version 16
VisualStudioVersion = 16.0.31911.196
MinimumVisualStudioVersion = 10.0.40219.1
Project("{FAE04EC0-301F-11D3-BF4B-00C04F79EFBC}") = "MoviesAPIDB", "MoviesAPIDB\MoviesAPIDB.csproj", "{09FCE7E8-8FDD-4908-8C10-75B617921A80}"
EndProject
Global
	GlobalSection(SolutionConfigurationPlatforms) = preSolution
		Debug|Any CPU = Debug|Any CPU
		Release|Any CPU = Release|Any CPU
	EndGlobalSection
	GlobalSection(ProjectConfigurationPlatforms) = postSolution
		{09FCE7E8-8FDD-4908-8C10-75B617921A80}.Debug|Any CPU.ActiveCfg = Debug|Any CPU
		{09FCE7E8-8FDD-4908-8C10-75B617921A80}.Debug|Any CPU.Build.0 = Debug|Any CPU
		{09FCE7E8-8FDD-4908-8C10-75B617921A80}.Release|Any CPU.ActiveCfg = Release|Any CPU
		{09FCE7E8-8FDD-4908-8C10-75B617921A80}.Release|Any CPU.Build.0 = Release|Any CPU
	EndGlobalSection
	GlobalSection(SolutionProperties) = preSolution
		HideSolutionNode = FALSE
	EndGlobalSection
	GlobalSection(ExtensibilityGlobals) = postSolution
		SolutionGuid = {9B0F9ED7-12AB-49A1-B9A5-7F8DDE45FDEA}
	EndGlobalSection
EndGlobal
